
Microsoft Visual Studio Solution File, Format Version 12.00
# Visual Studio Version 17
VisualStudioVersion = 17.2.32602.215
MinimumVisualStudioVersion = 10.0.40219.1
Project("{9A19103F-16F7-4668-BE54-9A1E7A4F7556}") = "SalesTaxes.Domain", "SalesTaxes.Domain\SalesTaxes.Domain.csproj", "{8F05B870-1962-45D9-A077-8642184B3F8F}"
EndProject
Project("{9A19103F-16F7-4668-BE54-9A1E7A4F7556}") = "SalesTaxes.Application", "SalesTaxes.Application\SalesTaxes.Application.csproj", "{1343A25F-BCF7-4BE0-ADAD-A877EA877218}"
EndProject
Project("{9A19103F-16F7-4668-BE54-9A1E7A4F7556}") = "SalesTaxes.Main", "SalesTaxes.Main\SalesTaxes.Main.csproj", "{F8DB7AAB-864D-4F23-869F-E3EA6521EB96}"
EndProject
Project("{9A19103F-16F7-4668-BE54-9A1E7A4F7556}") = "SalesTaxes.Tests", "SalesTaxes.Tests\SalesTaxes.Tests.csproj", "{313C8B24-7586-4325-B8FC-F312F4E7ED38}"
EndProject
Project("{9A19103F-16F7-4668-BE54-9A1E7A4F7556}") = "SalesTaxes.Infraestructure", "SalesTaxes.Infraestucture\SalesTaxes.Infraestructure.csproj", "{F4697CFD-14C2-456C-96E1-CD67EC7025E8}"
EndProject
Global
	GlobalSection(SolutionConfigurationPlatforms) = preSolution
		Debug|Any CPU = Debug|Any CPU
		Release|Any CPU = Release|Any CPU
	EndGlobalSection
	GlobalSection(ProjectConfigurationPlatforms) = postSolution
		{8F05B870-1962-45D9-A077-8642184B3F8F}.Debug|Any CPU.ActiveCfg = Debug|Any CPU
		{8F05B870-1962-45D9-A077-8642184B3F8F}.Debug|Any CPU.Build.0 = Debug|Any CPU
		{8F05B870-1962-45D9-A077-8642184B3F8F}.Release|Any CPU.ActiveCfg = Release|Any CPU
		{8F05B870-1962-45D9-A077-8642184B3F8F}.Release|Any CPU.Build.0 = Release|Any CPU
		{1343A25F-BCF7-4BE0-ADAD-A877EA877218}.Debug|Any CPU.ActiveCfg = Debug|Any CPU
		{1343A25F-BCF7-4BE0-ADAD-A877EA877218}.Debug|Any CPU.Build.0 = Debug|Any CPU
		{1343A25F-BCF7-4BE0-ADAD-A877EA877218}.Release|Any CPU.ActiveCfg = Release|Any CPU
		{1343A25F-BCF7-4BE0-ADAD-A877EA877218}.Release|Any CPU.Build.0 = Release|Any CPU
		{F8DB7AAB-864D-4F23-869F-E3EA6521EB96}.Debug|Any CPU.ActiveCfg = Debug|Any CPU
		{F8DB7AAB-864D-4F23-869F-E3EA6521EB96}.Debug|Any CPU.Build.0 = Debug|Any CPU
		{F8DB7AAB-864D-4F23-869F-E3EA6521EB96}.Release|Any CPU.ActiveCfg = Release|Any CPU
		{F8DB7AAB-864D-4F23-869F-E3EA6521EB96}.Release|Any CPU.Build.0 = Release|Any CPU
		{313C8B24-7586-4325-B8FC-F312F4E7ED38}.Debug|Any CPU.ActiveCfg = Debug|Any CPU
		{313C8B24-7586-4325-B8FC-F312F4E7ED38}.Debug|Any CPU.Build.0 = Debug|Any CPU
		{313C8B24-7586-4325-B8FC-F312F4E7ED38}.Release|Any CPU.ActiveCfg = Release|Any CPU
		{313C8B24-7586-4325-B8FC-F312F4E7ED38}.Release|Any CPU.Build.0 = Release|Any CPU
		{F4697CFD-14C2-456C-96E1-CD67EC7025E8}.Debug|Any CPU.ActiveCfg = Debug|Any CPU
		{F4697CFD-14C2-456C-96E1-CD67EC7025E8}.Debug|Any CPU.Build.0 = Debug|Any CPU
		{F4697CFD-14C2-456C-96E1-CD67EC7025E8}.Release|Any CPU.ActiveCfg = Release|Any CPU
		{F4697CFD-14C2-456C-96E1-CD67EC7025E8}.Release|Any CPU.Build.0 = Release|Any CPU
	EndGlobalSection
	GlobalSection(SolutionProperties) = preSolution
		HideSolutionNode = FALSE
	EndGlobalSection
	GlobalSection(ExtensibilityGlobals) = postSolution
		SolutionGuid = {A255E65A-9578-4835-9E7D-FA4939E5EA6D}
	EndGlobalSection
EndGlobal
